// !$*UTF8*$!
{
	archiveVersion = 1;
	classes = {
	};
	objectVersion = 50;
	objects = {

/* Begin PBXBuildFile section */
		E3FD6B1E2561E42200AEF94E /* AppDelegate.swift in Sources */ = {isa = PBXBuildFile; fileRef = E3FD6B1D2561E42200AEF94E /* AppDelegate.swift */; };
		E3FD6B202561E42200AEF94E /* SceneDelegate.swift in Sources */ = {isa = PBXBuildFile; fileRef = E3FD6B1F2561E42200AEF94E /* SceneDelegate.swift */; };
		E3FD6B222561E42200AEF94E /* ViewController.swift in Sources */ = {isa = PBXBuildFile; fileRef = E3FD6B212561E42200AEF94E /* ViewController.swift */; };
		E3FD6B252561E42200AEF94E /* Main.storyboard in Resources */ = {isa = PBXBuildFile; fileRef = E3FD6B232561E42200AEF94E /* Main.storyboard */; };
		E3FD6B272561E42400AEF94E /* Assets.xcassets in Resources */ = {isa = PBXBuildFile; fileRef = E3FD6B262561E42400AEF94E /* Assets.xcassets */; };
		E3FD6B2A2561E42400AEF94E /* LaunchScreen.storyboard in Resources */ = {isa = PBXBuildFile; fileRef = E3FD6B282561E42400AEF94E /* LaunchScreen.storyboard */; };
		E3FD6B352561E42400AEF94E /* SlidingTilesTests.swift in Sources */ = {isa = PBXBuildFile; fileRef = E3FD6B342561E42400AEF94E /* SlidingTilesTests.swift */; };
		E3FD6B402561E42400AEF94E /* SlidingTilesUITests.swift in Sources */ = {isa = PBXBuildFile; fileRef = E3FD6B3F2561E42400AEF94E /* SlidingTilesUITests.swift */; };
		E3FD6B512561E48F00AEF94E /* MyTileSet.sks in Resources */ = {isa = PBXBuildFile; fileRef = E3FD6B502561E48F00AEF94E /* MyTileSet.sks */; };
		E3FD6B592561E94A00AEF94E /* Component.swift in Sources */ = {isa = PBXBuildFile; fileRef = E3FD6B582561E94A00AEF94E /* Component.swift */; };
		E3FD6B5E2561EA4E00AEF94E /* Level.swift in Sources */ = {isa = PBXBuildFile; fileRef = E3FD6B5D2561EA4E00AEF94E /* Level.swift */; };
		E3FD6B632561EA7800AEF94E /* Array2D.swift in Sources */ = {isa = PBXBuildFile; fileRef = E3FD6B622561EA7800AEF94E /* Array2D.swift */; };
		E3FD6B682561EB3300AEF94E /* GameScene.swift in Sources */ = {isa = PBXBuildFile; fileRef = E3FD6B672561EB3300AEF94E /* GameScene.swift */; };
		E3FD6B6D2561EF6C00AEF94E /* Swap.swift in Sources */ = {isa = PBXBuildFile; fileRef = E3FD6B6C2561EF6C00AEF94E /* Swap.swift */; };
/* End PBXBuildFile section */

/* Begin PBXContainerItemProxy section */
		E3FD6B312561E42400AEF94E /* PBXContainerItemProxy */ = {
			isa = PBXContainerItemProxy;
			containerPortal = E3FD6B122561E42200AEF94E /* Project object */;
			proxyType = 1;
			remoteGlobalIDString = E3FD6B192561E42200AEF94E;
			remoteInfo = SlidingTiles;
		};
		E3FD6B3C2561E42400AEF94E /* PBXContainerItemProxy */ = {
			isa = PBXContainerItemProxy;
			containerPortal = E3FD6B122561E42200AEF94E /* Project object */;
			proxyType = 1;
			remoteGlobalIDString = E3FD6B192561E42200AEF94E;
			remoteInfo = SlidingTiles;
		};
/* End PBXContainerItemProxy section */

/* Begin PBXFileReference section */
		E3FD6B1A2561E42200AEF94E /* SlidingTiles.app */ = {isa = PBXFileReference; explicitFileType = wrapper.application; includeInIndex = 0; path = SlidingTiles.app; sourceTree = BUILT_PRODUCTS_DIR; };
		E3FD6B1D2561E42200AEF94E /* AppDelegate.swift */ = {isa = PBXFileReference; lastKnownFileType = sourcecode.swift; path = AppDelegate.swift; sourceTree = "<group>"; };
		E3FD6B1F2561E42200AEF94E /* SceneDelegate.swift */ = {isa = PBXFileReference; lastKnownFileType = sourcecode.swift; path = SceneDelegate.swift; sourceTree = "<group>"; };
		E3FD6B212561E42200AEF94E /* ViewController.swift */ = {isa = PBXFileReference; lastKnownFileType = sourcecode.swift; path = ViewController.swift; sourceTree = "<group>"; };
		E3FD6B242561E42200AEF94E /* Base */ = {isa = PBXFileReference; lastKnownFileType = file.storyboard; name = Base; path = Base.lproj/Main.storyboard; sourceTree = "<group>"; };
		E3FD6B262561E42400AEF94E /* Assets.xcassets */ = {isa = PBXFileReference; lastKnownFileType = folder.assetcatalog; path = Assets.xcassets; sourceTree = "<group>"; };
		E3FD6B292561E42400AEF94E /* Base */ = {isa = PBXFileReference; lastKnownFileType = file.storyboard; name = Base; path = Base.lproj/LaunchScreen.storyboard; sourceTree = "<group>"; };
		E3FD6B2B2561E42400AEF94E /* Info.plist */ = {isa = PBXFileReference; lastKnownFileType = text.plist.xml; path = Info.plist; sourceTree = "<group>"; };
		E3FD6B302561E42400AEF94E /* SlidingTilesTests.xctest */ = {isa = PBXFileReference; explicitFileType = wrapper.cfbundle; includeInIndex = 0; path = SlidingTilesTests.xctest; sourceTree = BUILT_PRODUCTS_DIR; };
		E3FD6B342561E42400AEF94E /* SlidingTilesTests.swift */ = {isa = PBXFileReference; lastKnownFileType = sourcecode.swift; path = SlidingTilesTests.swift; sourceTree = "<group>"; };
		E3FD6B362561E42400AEF94E /* Info.plist */ = {isa = PBXFileReference; lastKnownFileType = text.plist.xml; path = Info.plist; sourceTree = "<group>"; };
		E3FD6B3B2561E42400AEF94E /* SlidingTilesUITests.xctest */ = {isa = PBXFileReference; explicitFileType = wrapper.cfbundle; includeInIndex = 0; path = SlidingTilesUITests.xctest; sourceTree = BUILT_PRODUCTS_DIR; };
		E3FD6B3F2561E42400AEF94E /* SlidingTilesUITests.swift */ = {isa = PBXFileReference; lastKnownFileType = sourcecode.swift; path = SlidingTilesUITests.swift; sourceTree = "<group>"; };
		E3FD6B412561E42400AEF94E /* Info.plist */ = {isa = PBXFileReference; lastKnownFileType = text.plist.xml; path = Info.plist; sourceTree = "<group>"; };
		E3FD6B502561E48F00AEF94E /* MyTileSet.sks */ = {isa = PBXFileReference; lastKnownFileType = file.sks; path = MyTileSet.sks; sourceTree = "<group>"; };
		E3FD6B582561E94A00AEF94E /* Component.swift */ = {isa = PBXFileReference; lastKnownFileType = sourcecode.swift; path = Component.swift; sourceTree = "<group>"; };
		E3FD6B5D2561EA4E00AEF94E /* Level.swift */ = {isa = PBXFileReference; lastKnownFileType = sourcecode.swift; path = Level.swift; sourceTree = "<group>"; };
		E3FD6B622561EA7800AEF94E /* Array2D.swift */ = {isa = PBXFileReference; lastKnownFileType = sourcecode.swift; path = Array2D.swift; sourceTree = "<group>"; };
		E3FD6B672561EB3300AEF94E /* GameScene.swift */ = {isa = PBXFileReference; lastKnownFileType = sourcecode.swift; path = GameScene.swift; sourceTree = "<group>"; };
		E3FD6B6C2561EF6C00AEF94E /* Swap.swift */ = {isa = PBXFileReference; lastKnownFileType = sourcecode.swift; path = Swap.swift; sourceTree = "<group>"; };
/* End PBXFileReference section */

/* Begin PBXFrameworksBuildPhase section */
		E3FD6B172561E42200AEF94E /* Frameworks */ = {
			isa = PBXFrameworksBuildPhase;
			buildActionMask = 2147483647;
			files = (
			);
			runOnlyForDeploymentPostprocessing = 0;
		};
		E3FD6B2D2561E42400AEF94E /* Frameworks */ = {
			isa = PBXFrameworksBuildPhase;
			buildActionMask = 2147483647;
			files = (
			);
			runOnlyForDeploymentPostprocessing = 0;
		};
		E3FD6B382561E42400AEF94E /* Frameworks */ = {
			isa = PBXFrameworksBuildPhase;
			buildActionMask = 2147483647;
			files = (
			);
			runOnlyForDeploymentPostprocessing = 0;
		};
/* End PBXFrameworksBuildPhase section */

/* Begin PBXGroup section */
		E3FD6B112561E42200AEF94E = {
			isa = PBXGroup;
			children = (
				E3FD6B1C2561E42200AEF94E /* SlidingTiles */,
				E3FD6B332561E42400AEF94E /* SlidingTilesTests */,
				E3FD6B3E2561E42400AEF94E /* SlidingTilesUITests */,
				E3FD6B1B2561E42200AEF94E /* Products */,
			);
			sourceTree = "<group>";
		};
		E3FD6B1B2561E42200AEF94E /* Products */ = {
			isa = PBXGroup;
			children = (
				E3FD6B1A2561E42200AEF94E /* SlidingTiles.app */,
				E3FD6B302561E42400AEF94E /* SlidingTilesTests.xctest */,
				E3FD6B3B2561E42400AEF94E /* SlidingTilesUITests.xctest */,
			);
			name = Products;
			sourceTree = "<group>";
		};
		E3FD6B1C2561E42200AEF94E /* SlidingTiles */ = {
			isa = PBXGroup;
			children = (
				E3FD6B1D2561E42200AEF94E /* AppDelegate.swift */,
				E3FD6B1F2561E42200AEF94E /* SceneDelegate.swift */,
				E3FD6B212561E42200AEF94E /* ViewController.swift */,
				E3FD6B232561E42200AEF94E /* Main.storyboard */,
				E3FD6B502561E48F00AEF94E /* MyTileSet.sks */,
				E3FD6B262561E42400AEF94E /* Assets.xcassets */,
				E3FD6B282561E42400AEF94E /* LaunchScreen.storyboard */,
				E3FD6B2B2561E42400AEF94E /* Info.plist */,
				E3FD6B582561E94A00AEF94E /* Component.swift */,
				E3FD6B5D2561EA4E00AEF94E /* Level.swift */,
				E3FD6B672561EB3300AEF94E /* GameScene.swift */,
				E3FD6B6C2561EF6C00AEF94E /* Swap.swift */,
				E3FD6B622561EA7800AEF94E /* Array2D.swift */,
			);
			path = SlidingTiles;
			sourceTree = "<group>";
		};
		E3FD6B332561E42400AEF94E /* SlidingTilesTests */ = {
			isa = PBXGroup;
			children = (
				E3FD6B342561E42400AEF94E /* SlidingTilesTests.swift */,
				E3FD6B362561E42400AEF94E /* Info.plist */,
			);
			path = SlidingTilesTests;
			sourceTree = "<group>";
		};
		E3FD6B3E2561E42400AEF94E /* SlidingTilesUITests */ = {
			isa = PBXGroup;
			children = (
				E3FD6B3F2561E42400AEF94E /* SlidingTilesUITests.swift */,
				E3FD6B412561E42400AEF94E /* Info.plist */,
			);
			path = SlidingTilesUITests;
			sourceTree = "<group>";
		};
/* End PBXGroup section */

/* Begin PBXNativeTarget section */
		E3FD6B192561E42200AEF94E /* SlidingTiles */ = {
			isa = PBXNativeTarget;
			buildConfigurationList = E3FD6B442561E42400AEF94E /* Build configuration list for PBXNativeTarget "SlidingTiles" */;
			buildPhases = (
				E3FD6B162561E42200AEF94E /* Sources */,
				E3FD6B172561E42200AEF94E /* Frameworks */,
				E3FD6B182561E42200AEF94E /* Resources */,
			);
			buildRules = (
			);
			dependencies = (
			);
			name = SlidingTiles;
			productName = SlidingTiles;
			productReference = E3FD6B1A2561E42200AEF94E /* SlidingTiles.app */;
			productType = "com.apple.product-type.application";
		};
		E3FD6B2F2561E42400AEF94E /* SlidingTilesTests */ = {
			isa = PBXNativeTarget;
			buildConfigurationList = E3FD6B472561E42400AEF94E /* Build configuration list for PBXNativeTarget "SlidingTilesTests" */;
			buildPhases = (
				E3FD6B2C2561E42400AEF94E /* Sources */,
				E3FD6B2D2561E42400AEF94E /* Frameworks */,
				E3FD6B2E2561E42400AEF94E /* Resources */,
			);
			buildRules = (
			);
			dependencies = (
				E3FD6B322561E42400AEF94E /* PBXTargetDependency */,
			);
			name = SlidingTilesTests;
			productName = SlidingTilesTests;
			productReference = E3FD6B302561E42400AEF94E /* SlidingTilesTests.xctest */;
			productType = "com.apple.product-type.bundle.unit-test";
		};
		E3FD6B3A2561E42400AEF94E /* SlidingTilesUITests */ = {
			isa = PBXNativeTarget;
			buildConfigurationList = E3FD6B4A2561E42400AEF94E /* Build configuration list for PBXNativeTarget "SlidingTilesUITests" */;
			buildPhases = (
				E3FD6B372561E42400AEF94E /* Sources */,
				E3FD6B382561E42400AEF94E /* Frameworks */,
				E3FD6B392561E42400AEF94E /* Resources */,
			);
			buildRules = (
			);
			dependencies = (
				E3FD6B3D2561E42400AEF94E /* PBXTargetDependency */,
			);
			name = SlidingTilesUITests;
			productName = SlidingTilesUITests;
			productReference = E3FD6B3B2561E42400AEF94E /* SlidingTilesUITests.xctest */;
			productType = "com.apple.product-type.bundle.ui-testing";
		};
/* End PBXNativeTarget section */

/* Begin PBXProject section */
		E3FD6B122561E42200AEF94E /* Project object */ = {
			isa = PBXProject;
			attributes = {
				LastSwiftUpdateCheck = 1220;
				LastUpgradeCheck = 1220;
				TargetAttributes = {
					E3FD6B192561E42200AEF94E = {
						CreatedOnToolsVersion = 12.2;
					};
					E3FD6B2F2561E42400AEF94E = {
						CreatedOnToolsVersion = 12.2;
						TestTargetID = E3FD6B192561E42200AEF94E;
					};
					E3FD6B3A2561E42400AEF94E = {
						CreatedOnToolsVersion = 12.2;
						TestTargetID = E3FD6B192561E42200AEF94E;
					};
				};
			};
			buildConfigurationList = E3FD6B152561E42200AEF94E /* Build configuration list for PBXProject "SlidingTiles" */;
			compatibilityVersion = "Xcode 9.3";
			developmentRegion = en;
			hasScannedForEncodings = 0;
			knownRegions = (
				en,
				Base,
			);
			mainGroup = E3FD6B112561E42200AEF94E;
			productRefGroup = E3FD6B1B2561E42200AEF94E /* Products */;
			projectDirPath = "";
			projectRoot = "";
			targets = (
				E3FD6B192561E42200AEF94E /* SlidingTiles */,
				E3FD6B2F2561E42400AEF94E /* SlidingTilesTests */,
				E3FD6B3A2561E42400AEF94E /* SlidingTilesUITests */,
			);
		};
/* End PBXProject section */

/* Begin PBXResourcesBuildPhase section */
		E3FD6B182561E42200AEF94E /* Resources */ = {
			isa = PBXResourcesBuildPhase;
			buildActionMask = 2147483647;
			files = (
				E3FD6B512561E48F00AEF94E /* MyTileSet.sks in Resources */,
				E3FD6B2A2561E42400AEF94E /* LaunchScreen.storyboard in Resources */,
				E3FD6B272561E42400AEF94E /* Assets.xcassets in Resources */,
				E3FD6B252561E42200AEF94E /* Main.storyboard in Resources */,
			);
			runOnlyForDeploymentPostprocessing = 0;
		};
		E3FD6B2E2561E42400AEF94E /* Resources */ = {
			isa = PBXResourcesBuildPhase;
			buildActionMask = 2147483647;
			files = (
			);
			runOnlyForDeploymentPostprocessing = 0;
		};
		E3FD6B392561E42400AEF94E /* Resources */ = {
			isa = PBXResourcesBuildPhase;
			buildActionMask = 2147483647;
			files = (
			);
			runOnlyForDeploymentPostprocessing = 0;
		};
/* End PBXResourcesBuildPhase section */

/* Begin PBXSourcesBuildPhase section */
		E3FD6B162561E42200AEF94E /* Sources */ = {
			isa = PBXSourcesBuildPhase;
			buildActionMask = 2147483647;
			files = (
				E3FD6B6D2561EF6C00AEF94E /* Swap.swift in Sources */,
				E3FD6B222561E42200AEF94E /* ViewController.swift in Sources */,
				E3FD6B632561EA7800AEF94E /* Array2D.swift in Sources */,
				E3FD6B592561E94A00AEF94E /* Component.swift in Sources */,
				E3FD6B1E2561E42200AEF94E /* AppDelegate.swift in Sources */,
				E3FD6B5E2561EA4E00AEF94E /* Level.swift in Sources */,
				E3FD6B682561EB3300AEF94E /* GameScene.swift in Sources */,
				E3FD6B202561E42200AEF94E /* SceneDelegate.swift in Sources */,
			);
			runOnlyForDeploymentPostprocessing = 0;
		};
		E3FD6B2C2561E42400AEF94E /* Sources */ = {
			isa = PBXSourcesBuildPhase;
			buildActionMask = 2147483647;
			files = (
				E3FD6B352561E42400AEF94E /* SlidingTilesTests.swift in Sources */,
			);
			runOnlyForDeploymentPostprocessing = 0;
		};
		E3FD6B372561E42400AEF94E /* Sources */ = {
			isa = PBXSourcesBuildPhase;
			buildActionMask = 2147483647;
			files = (
				E3FD6B402561E42400AEF94E /* SlidingTilesUITests.swift in Sources */,
			);
			runOnlyForDeploymentPostprocessing = 0;
		};
/* End PBXSourcesBuildPhase section */

/* Begin PBXTargetDependency section */
		E3FD6B322561E42400AEF94E /* PBXTargetDependency */ = {
			isa = PBXTargetDependency;
			target = E3FD6B192561E42200AEF94E /* SlidingTiles */;
			targetProxy = E3FD6B312561E42400AEF94E /* PBXContainerItemProxy */;
		};
		E3FD6B3D2561E42400AEF94E /* PBXTargetDependency */ = {
			isa = PBXTargetDependency;
			target = E3FD6B192561E42200AEF94E /* SlidingTiles */;
			targetProxy = E3FD6B3C2561E42400AEF94E /* PBXContainerItemProxy */;
		};
/* End PBXTargetDependency section */

/* Begin PBXVariantGroup section */
		E3FD6B232561E42200AEF94E /* Main.storyboard */ = {
			isa = PBXVariantGroup;
			children = (
				E3FD6B242561E42200AEF94E /* Base */,
			);
			name = Main.storyboard;
			sourceTree = "<group>";
		};
		E3FD6B282561E42400AEF94E /* LaunchScreen.storyboard */ = {
			isa = PBXVariantGroup;
			children = (
				E3FD6B292561E42400AEF94E /* Base */,
			);
			name = LaunchScreen.storyboard;
			sourceTree = "<group>";
		};
/* End PBXVariantGroup section */

/* Begin XCBuildConfiguration section */
		E3FD6B422561E42400AEF94E /* Debug */ = {
			isa = XCBuildConfiguration;
			buildSettings = {
				ALWAYS_SEARCH_USER_PATHS = NO;
				CLANG_ANALYZER_NONNULL = YES;
				CLANG_ANALYZER_NUMBER_OBJECT_CONVERSION = YES_AGGRESSIVE;
				CLANG_CXX_LANGUAGE_STANDARD = "gnu++14";
				CLANG_CXX_LIBRARY = "libc++";
				CLANG_ENABLE_MODULES = YES;
				CLANG_ENABLE_OBJC_ARC = YES;
				CLANG_ENABLE_OBJC_WEAK = YES;
				CLANG_WARN_BLOCK_CAPTURE_AUTORELEASING = YES;
				CLANG_WARN_BOOL_CONVERSION = YES;
				CLANG_WARN_COMMA = YES;
				CLANG_WARN_CONSTANT_CONVERSION = YES;
				CLANG_WARN_DEPRECATED_OBJC_IMPLEMENTATIONS = YES;
				CLANG_WARN_DIRECT_OBJC_ISA_USAGE = YES_ERROR;
				CLANG_WARN_DOCUMENTATION_COMMENTS = YES;
				CLANG_WARN_EMPTY_BODY = YES;
				CLANG_WARN_ENUM_CONVERSION = YES;
				CLANG_WARN_INFINITE_RECURSION = YES;
				CLANG_WARN_INT_CONVERSION = YES;
				CLANG_WARN_NON_LITERAL_NULL_CONVERSION = YES;
				CLANG_WARN_OBJC_IMPLICIT_RETAIN_SELF = YES;
				CLANG_WARN_OBJC_LITERAL_CONVERSION = YES;
				CLANG_WARN_OBJC_ROOT_CLASS = YES_ERROR;
				CLANG_WARN_QUOTED_INCLUDE_IN_FRAMEWORK_HEADER = YES;
				CLANG_WARN_RANGE_LOOP_ANALYSIS = YES;
				CLANG_WARN_STRICT_PROTOTYPES = YES;
				CLANG_WARN_SUSPICIOUS_MOVE = YES;
				CLANG_WARN_UNGUARDED_AVAILABILITY = YES_AGGRESSIVE;
				CLANG_WARN_UNREACHABLE_CODE = YES;
				CLANG_WARN__DUPLICATE_METHOD_MATCH = YES;
				COPY_PHASE_STRIP = NO;
				DEBUG_INFORMATION_FORMAT = dwarf;
				ENABLE_STRICT_OBJC_MSGSEND = YES;
				ENABLE_TESTABILITY = YES;
				GCC_C_LANGUAGE_STANDARD = gnu11;
				GCC_DYNAMIC_NO_PIC = NO;
				GCC_NO_COMMON_BLOCKS = YES;
				GCC_OPTIMIZATION_LEVEL = 0;
				GCC_PREPROCESSOR_DEFINITIONS = (
					"DEBUG=1",
					"$(inherited)",
				);
				GCC_WARN_64_TO_32_BIT_CONVERSION = YES;
				GCC_WARN_ABOUT_RETURN_TYPE = YES_ERROR;
				GCC_WARN_UNDECLARED_SELECTOR = YES;
				GCC_WARN_UNINITIALIZED_AUTOS = YES_AGGRESSIVE;
				GCC_WARN_UNUSED_FUNCTION = YES;
				GCC_WARN_UNUSED_VARIABLE = YES;
				IPHONEOS_DEPLOYMENT_TARGET = 14.2;
				MTL_ENABLE_DEBUG_INFO = INCLUDE_SOURCE;
				MTL_FAST_MATH = YES;
				ONLY_ACTIVE_ARCH = YES;
				SDKROOT = iphoneos;
				SWIFT_ACTIVE_COMPILATION_CONDITIONS = DEBUG;
				SWIFT_OPTIMIZATION_LEVEL = "-Onone";
			};
			name = Debug;
		};
		E3FD6B432561E42400AEF94E /* Release */ = {
			isa = XCBuildConfiguration;
			buildSettings = {
				ALWAYS_SEARCH_USER_PATHS = NO;
				CLANG_ANALYZER_NONNULL = YES;
				CLANG_ANALYZER_NUMBER_OBJECT_CONVERSION = YES_AGGRESSIVE;
				CLANG_CXX_LANGUAGE_STANDARD = "gnu++14";
				CLANG_CXX_LIBRARY = "libc++";
				CLANG_ENABLE_MODULES = YES;
				CLANG_ENABLE_OBJC_ARC = YES;
				CLANG_ENABLE_OBJC_WEAK = YES;
				CLANG_WARN_BLOCK_CAPTURE_AUTORELEASING = YES;
				CLANG_WARN_BOOL_CONVERSION = YES;
				CLANG_WARN_COMMA = YES;
				CLANG_WARN_CONSTANT_CONVERSION = YES;
				CLANG_WARN_DEPRECATED_OBJC_IMPLEMENTATIONS = YES;
				CLANG_WARN_DIRECT_OBJC_ISA_USAGE = YES_ERROR;
				CLANG_WARN_DOCUMENTATION_COMMENTS = YES;
				CLANG_WARN_EMPTY_BODY = YES;
				CLANG_WARN_ENUM_CONVERSION = YES;
				CLANG_WARN_INFINITE_RECURSION = YES;
				CLANG_WARN_INT_CONVERSION = YES;
				CLANG_WARN_NON_LITERAL_NULL_CONVERSION = YES;
				CLANG_WARN_OBJC_IMPLICIT_RETAIN_SELF = YES;
				CLANG_WARN_OBJC_LITERAL_CONVERSION = YES;
				CLANG_WARN_OBJC_ROOT_CLASS = YES_ERROR;
				CLANG_WARN_QUOTED_INCLUDE_IN_FRAMEWORK_HEADER = YES;
				CLANG_WARN_RANGE_LOOP_ANALYSIS = YES;
				CLANG_WARN_STRICT_PROTOTYPES = YES;
				CLANG_WARN_SUSPICIOUS_MOVE = YES;
				CLANG_WARN_UNGUARDED_AVAILABILITY = YES_AGGRESSIVE;
				CLANG_WARN_UNREACHABLE_CODE = YES;
				CLANG_WARN__DUPLICATE_METHOD_MATCH = YES;
				COPY_PHASE_STRIP = NO;
				DEBUG_INFORMATION_FORMAT = "dwarf-with-dsym";
				ENABLE_NS_ASSERTIONS = NO;
				ENABLE_STRICT_OBJC_MSGSEND = YES;
				GCC_C_LANGUAGE_STANDARD = gnu11;
				GCC_NO_COMMON_BLOCKS = YES;
				GCC_WARN_64_TO_32_BIT_CONVERSION = YES;
				GCC_WARN_ABOUT_RETURN_TYPE = YES_ERROR;
				GCC_WARN_UNDECLARED_SELECTOR = YES;
				GCC_WARN_UNINITIALIZED_AUTOS = YES_AGGRESSIVE;
				GCC_WARN_UNUSED_FUNCTION = YES;
				GCC_WARN_UNUSED_VARIABLE = YES;
				IPHONEOS_DEPLOYMENT_TARGET = 14.2;
				MTL_ENABLE_DEBUG_INFO = NO;
				MTL_FAST_MATH = YES;
				SDKROOT = iphoneos;
				SWIFT_COMPILATION_MODE = wholemodule;
				SWIFT_OPTIMIZATION_LEVEL = "-O";
				VALIDATE_PRODUCT = YES;
			};
			name = Release;
		};
		E3FD6B452561E42400AEF94E /* Debug */ = {
			isa = XCBuildConfiguration;
			buildSettings = {
				ASSETCATALOG_COMPILER_APPICON_NAME = AppIcon;
				ASSETCATALOG_COMPILER_GLOBAL_ACCENT_COLOR_NAME = AccentColor;
				CODE_SIGN_STYLE = Automatic;
				INFOPLIST_FILE = SlidingTiles/Info.plist;
				LD_RUNPATH_SEARCH_PATHS = (
					"$(inherited)",
					"@executable_path/Frameworks",
				);
				PRODUCT_BUNDLE_IDENTIFIER = Julie.SlidingTiles;
				PRODUCT_NAME = "$(TARGET_NAME)";
				SWIFT_VERSION = 5.0;
				TARGETED_DEVICE_FAMILY = "1,2";
			};
			name = Debug;
		};
		E3FD6B462561E42400AEF94E /* Release */ = {
			isa = XCBuildConfiguration;
			buildSettings = {
				ASSETCATALOG_COMPILER_APPICON_NAME = AppIcon;
				ASSETCATALOG_COMPILER_GLOBAL_ACCENT_COLOR_NAME = AccentColor;
				CODE_SIGN_STYLE = Automatic;
				INFOPLIST_FILE = SlidingTiles/Info.plist;
				LD_RUNPATH_SEARCH_PATHS = (
					"$(inherited)",
					"@executable_path/Frameworks",
				);
				PRODUCT_BUNDLE_IDENTIFIER = Julie.SlidingTiles;
				PRODUCT_NAME = "$(TARGET_NAME)";
				SWIFT_VERSION = 5.0;
				TARGETED_DEVICE_FAMILY = "1,2";
			};
			name = Release;
		};
		E3FD6B482561E42400AEF94E /* Debug */ = {
			isa = XCBuildConfiguration;
			buildSettings = {
				ALWAYS_EMBED_SWIFT_STANDARD_LIBRARIES = YES;
				BUNDLE_LOADER = "$(TEST_HOST)";
				CODE_SIGN_STYLE = Automatic;
				INFOPLIST_FILE = SlidingTilesTests/Info.plist;
				IPHONEOS_DEPLOYMENT_TARGET = 14.2;
				LD_RUNPATH_SEARCH_PATHS = (
					"$(inherited)",
					"@executable_path/Frameworks",
					"@loader_path/Frameworks",
				);
				PRODUCT_BUNDLE_IDENTIFIER = Julie.SlidingTilesTests;
				PRODUCT_NAME = "$(TARGET_NAME)";
				SWIFT_VERSION = 5.0;
				TARGETED_DEVICE_FAMILY = "1,2";
				TEST_HOST = "$(BUILT_PRODUCTS_DIR)/SlidingTiles.app/SlidingTiles";
			};
			name = Debug;
		};
		E3FD6B492561E42400AEF94E /* Release */ = {
			isa = XCBuildConfiguration;
			buildSettings = {
				ALWAYS_EMBED_SWIFT_STANDARD_LIBRARIES = YES;
				BUNDLE_LOADER = "$(TEST_HOST)";
				CODE_SIGN_STYLE = Automatic;
				INFOPLIST_FILE = SlidingTilesTests/Info.plist;
				IPHONEOS_DEPLOYMENT_TARGET = 14.2;
				LD_RUNPATH_SEARCH_PATHS = (
					"$(inherited)",
					"@executable_path/Frameworks",
					"@loader_path/Frameworks",
				);
				PRODUCT_BUNDLE_IDENTIFIER = Julie.SlidingTilesTests;
				PRODUCT_NAME = "$(TARGET_NAME)";
				SWIFT_VERSION = 5.0;
				TARGETED_DEVICE_FAMILY = "1,2";
				TEST_HOST = "$(BUILT_PRODUCTS_DIR)/SlidingTiles.app/SlidingTiles";
			};
			name = Release;
		};
		E3FD6B4B2561E42400AEF94E /* Debug */ = {
			isa = XCBuildConfiguration;
			buildSettings = {
				ALWAYS_EMBED_SWIFT_STANDARD_LIBRARIES = YES;
				CODE_SIGN_STYLE = Automatic;
				INFOPLIST_FILE = SlidingTilesUITests/Info.plist;
				LD_RUNPATH_SEARCH_PATHS = (
					"$(inherited)",
					"@executable_path/Frameworks",
					"@loader_path/Frameworks",
				);
				PRODUCT_BUNDLE_IDENTIFIER = Julie.SlidingTilesUITests;
				PRODUCT_NAME = "$(TARGET_NAME)";
				SWIFT_VERSION = 5.0;
				TARGETED_DEVICE_FAMILY = "1,2";
				TEST_TARGET_NAME = SlidingTiles;
			};
			name = Debug;
		};
		E3FD6B4C2561E42400AEF94E /* Release */ = {
			isa = XCBuildConfiguration;
			buildSettings = {
				ALWAYS_EMBED_SWIFT_STANDARD_LIBRARIES = YES;
				CODE_SIGN_STYLE = Automatic;
				INFOPLIST_FILE = SlidingTilesUITests/Info.plist;
				LD_RUNPATH_SEARCH_PATHS = (
					"$(inherited)",
					"@executable_path/Frameworks",
					"@loader_path/Frameworks",
				);
				PRODUCT_BUNDLE_IDENTIFIER = Julie.SlidingTilesUITests;
				PRODUCT_NAME = "$(TARGET_NAME)";
				SWIFT_VERSION = 5.0;
				TARGETED_DEVICE_FAMILY = "1,2";
				TEST_TARGET_NAME = SlidingTiles;
			};
			name = Release;
		};
/* End XCBuildConfiguration section */

/* Begin XCConfigurationList section */
		E3FD6B152561E42200AEF94E /* Build configuration list for PBXProject "SlidingTiles" */ = {
			isa = XCConfigurationList;
			buildConfigurations = (
				E3FD6B422561E42400AEF94E /* Debug */,
				E3FD6B432561E42400AEF94E /* Release */,
			);
			defaultConfigurationIsVisible = 0;
			defaultConfigurationName = Release;
		};
		E3FD6B442561E42400AEF94E /* Build configuration list for PBXNativeTarget "SlidingTiles" */ = {
			isa = XCConfigurationList;
			buildConfigurations = (
				E3FD6B452561E42400AEF94E /* Debug */,
				E3FD6B462561E42400AEF94E /* Release */,
			);
			defaultConfigurationIsVisible = 0;
			defaultConfigurationName = Release;
		};
		E3FD6B472561E42400AEF94E /* Build configuration list for PBXNativeTarget "SlidingTilesTests" */ = {
			isa = XCConfigurationList;
			buildConfigurations = (
				E3FD6B482561E42400AEF94E /* Debug */,
				E3FD6B492561E42400AEF94E /* Release */,
			);
			defaultConfigurationIsVisible = 0;
			defaultConfigurationName = Release;
		};
		E3FD6B4A2561E42400AEF94E /* Build configuration list for PBXNativeTarget "SlidingTilesUITests" */ = {
			isa = XCConfigurationList;
			buildConfigurations = (
				E3FD6B4B2561E42400AEF94E /* Debug */,
				E3FD6B4C2561E42400AEF94E /* Release */,
			);
			defaultConfigurationIsVisible = 0;
			defaultConfigurationName = Release;
		};
/* End XCConfigurationList section */
	};
	rootObject = E3FD6B122561E42200AEF94E /* Project object */;
}
